
Microsoft Visual Studio Solution File, Format Version 12.00
# Visual Studio Version 17
VisualStudioVersion = 17.14.36511.14 d17.14
MinimumVisualStudioVersion = 10.0.40219.1
Project("{FAE04EC0-301F-11D3-BF4B-00C04F79EFBC}") = "GEWAR", "GEWAR\GEWAR.csproj", "{E7CCD8FD-C6C4-4A9E-99A1-03903F305E90}"
EndProject
Global
	GlobalSection(SolutionConfigurationPlatforms) = preSolution
		Debug|Any CPU = Debug|Any CPU
		Release|Any CPU = Release|Any CPU
	EndGlobalSection
	GlobalSection(ProjectConfigurationPlatforms) = postSolution
		{E7CCD8FD-C6C4-4A9E-99A1-03903F305E90}.Debug|Any CPU.ActiveCfg = Debug|Any CPU
		{E7CCD8FD-C6C4-4A9E-99A1-03903F305E90}.Debug|Any CPU.Build.0 = Debug|Any CPU
		{E7CCD8FD-C6C4-4A9E-99A1-03903F305E90}.Release|Any CPU.ActiveCfg = Release|Any CPU
		{E7CCD8FD-C6C4-4A9E-99A1-03903F305E90}.Release|Any CPU.Build.0 = Release|Any CPU
	EndGlobalSection
	GlobalSection(SolutionProperties) = preSolution
		HideSolutionNode = FALSE
	EndGlobalSection
	GlobalSection(ExtensibilityGlobals) = postSolution
		SolutionGuid = {D981CFB9-DB5E-4D6B-8448-92E7F8B17976}
	EndGlobalSection
EndGlobal
